version = 1
revision = 3
requires-python = ">=3.7"
resolution-markers = [
    "python_full_version >= '3.10'",
    "python_full_version == '3.9.*'",
    "python_full_version == '3.8.*'",
    "python_full_version < '3.8'",
]

[[package]]
name = "fastcore"
version = "1.5.55"
source = { registry = "https://pypi.org/simple" }
resolution-markers = [
    "python_full_version < '3.8'",
]
dependencies = [
    { name = "packaging", version = "24.0", source = { registry = "https://pypi.org/simple" }, marker = "python_full_version < '3.8'" },
]
sdist = { url = "https://files.pythonhosted.org/packages/69/be/5cdb32e5b6e57ba26927731d753f0bb5e908b17c16e129ad9d0b665e0b36/fastcore-1.5.55.tar.gz", hash = "sha256:8ca3034bc6a2979a97831045c825383d77fbaf354045c5a89bdcd7af6d897823", size = 73626, upload-time = "2024-07-26T12:10:13.88Z" }
wheels = [
    { url = "https://files.pythonhosted.org/packages/f2/27/cea47103e8a2b15977b0ef6a45166e591debc4a712eb39eb51c07d4967cc/fastcore-1.5.55-py3-none-any.whl", hash = "sha256:33ed5eb552d6b9b69a5da4388bceac535fdc085e264c6e75a8950ed4de1ac2a1", size = 77190, upload-time = "2024-07-26T12:10:10.834Z" },
]

[[package]]
name = "fastcore"
version = "1.7.20"
source = { registry = "https://pypi.org/simple" }
resolution-markers = [
    "python_full_version == '3.8.*'",
]
dependencies = [
    { name = "packaging", version = "25.0", source = { registry = "https://pypi.org/simple" }, marker = "python_full_version == '3.8.*'" },
]
sdist = { url = "https://files.pythonhosted.org/packages/e5/94/d8315c2dace419e6f65dc721c21039fe2a0d87871088652013e738df8816/fastcore-1.7.20.tar.gz", hash = "sha256:316dcb0e2d5e338e069f338b3c136ca9eb4ce950ca433da2a80952fc5928ddab", size = 80075, upload-time = "2024-11-15T05:20:11.802Z" }
wheels = [
    { url = "https://files.pythonhosted.org/packages/4a/ac/41f6f2d4840d5b1521881adbfee8b2000e5f5d4e762a945c15c7bd4af90a/fastcore-1.7.20-py3-none-any.whl", hash = "sha256:7d81f2a0da27d10df6d0b0050b08ea3eb2b1bb2894e8970f246be49c9a593c01", size = 83676, upload-time = "2024-11-15T05:20:09.497Z" },
]

[[package]]
name = "fastcore"
version = "1.8.9"
source = { registry = "https://pypi.org/simple" }
resolution-markers = [
    "python_full_version == '3.9.*'",
]
dependencies = [
    { name = "packaging", version = "25.0", source = { registry = "https://pypi.org/simple" }, marker = "python_full_version == '3.9.*'" },
]
sdist = { url = "https://files.pythonhosted.org/packages/e1/e8/748bfa6b58bbf3bd8ec08086ae76d1257a50b83a59fb0da1a4f796062592/fastcore-1.8.9.tar.gz", hash = "sha256:702c69eb493b3e9aa088c42996af9cdd28bd5a0a78f257e922bd1c304a32a3d2", size = 76800, upload-time = "2025-09-22T00:38:02.631Z" }
wheels = [
    { url = "https://files.pythonhosted.org/packages/1b/a4/47045351d1f0a2dc1cb2c7eb9ff9156e98ffaa6297a84e0c0c53ceb67e1c/fastcore-1.8.9-py3-none-any.whl", hash = "sha256:2e5cfd62b9768a11b60bf98776563ccab1210410af8ef1c2e7d39f1abddf3b44", size = 79543, upload-time = "2025-09-22T00:38:00.758Z" },
]

[[package]]
name = "fastcore"
version = "1.11.2"
source = { registry = "https://pypi.org/simple" }
resolution-markers = [
    "python_full_version >= '3.10'",
]
dependencies = [
    { name = "packaging", version = "25.0", source = { registry = "https://pypi.org/simple" }, marker = "python_full_version >= '3.10'" },
]
sdist = { url = "https://files.pythonhosted.org/packages/0f/80/cc3034a92d9679eb30674687f7e3810fc38defcdeabf0ab373758a096cab/fastcore-1.11.2.tar.gz", hash = "sha256:164ca6f90dc1bdbe81a7e0c31391bb5ab3c21324bfa8c6c2f1ad7ce37289c54d", size = 86120, upload-time = "2026-01-06T03:06:33.98Z" }
wheels = [
    { url = "https://files.pythonhosted.org/packages/ed/d9/81f2d90b4f7a95f66bb2f4f9a5cddb15659f405304dbff809eb3253d50aa/fastcore-1.11.2-py3-none-any.whl", hash = "sha256:561194da95e14b30dd8c488cf870604b1de1eec6ef432081f1f07cec36a015c0", size = 88704, upload-time = "2026-01-06T03:06:32.24Z" },
]

[[package]]
name = "hwpapi"
source = { editable = "." }
dependencies = [
    { name = "fastcore", version = "1.5.55", source = { registry = "https://pypi.org/simple" }, marker = "python_full_version < '3.8'" },
    { name = "fastcore", version = "1.7.20", source = { registry = "https://pypi.org/simple" }, marker = "python_full_version == '3.8.*'" },
    { name = "fastcore", version = "1.8.9", source = { registry = "https://pypi.org/simple" }, marker = "python_full_version == '3.9.*'" },
    { name = "fastcore", version = "1.11.2", source = { registry = "https://pypi.org/simple" }, marker = "python_full_version >= '3.10'" },
    { name = "pywin32" },
]

[package.metadata]
requires-dist = [
    { name = "fastcore" },
    { name = "pywin32" },
]
provides-extras = ["dev"]

[[package]]
name = "packaging"
version = "24.0"
source = { registry = "https://pypi.org/simple" }
resolution-markers = [
    "python_full_version < '3.8'",
]
sdist = { url = "https://files.pythonhosted.org/packages/ee/b5/b43a27ac7472e1818c4bafd44430e69605baefe1f34440593e0332ec8b4d/packaging-24.0.tar.gz", hash = "sha256:eb82c5e3e56209074766e6885bb04b8c38a0c015d0a30036ebe7ece34c9989e9", size = 147882, upload-time = "2024-03-10T09:39:28.33Z" }
wheels = [
    { url = "https://files.pythonhosted.org/packages/49/df/1fceb2f8900f8639e278b056416d49134fb8d84c5942ffaa01ad34782422/packaging-24.0-py3-none-any.whl", hash = "sha256:2ddfb553fdf02fb784c234c7ba6ccc288296ceabec964ad2eae3777778130bc5", size = 53488, upload-time = "2024-03-10T09:39:25.947Z" },
]

[[package]]
name = "packaging"
version = "25.0"
source = { registry = "https://pypi.org/simple" }
resolution-markers = [
    "python_full_version >= '3.10'",
    "python_full_version == '3.9.*'",
    "python_full_version == '3.8.*'",
]
sdist = { url = "https://files.pythonhosted.org/packages/a1/d4/1fc4078c65507b51b96ca8f8c3ba19e6a61c8253c72794544580a7b6c24d/packaging-25.0.tar.gz", hash = "sha256:d443872c98d677bf60f6a1f2f8c1cb748e8fe762d2bf9d3148b5599295b0fc4f", size = 165727, upload-time = "2025-04-19T11:48:59.673Z" }
wheels = [
    { url = "https://files.pythonhosted.org/packages/20/12/38679034af332785aac8774540895e234f4d07f7545804097de4b666afd8/packaging-25.0-py3-none-any.whl", hash = "sha256:29572ef2b1f17581046b3a2227d5c611fb25ec70ca1ba8554b24b0e69331a484", size = 66469, upload-time = "2025-04-19T11:48:57.875Z" },
]

[[package]]
name = "pywin32"
version = "311"
source = { registry = "https://pypi.org/simple" }
wheels = [
    { url = "https://files.pythonhosted.org/packages/7b/40/44efbb0dfbd33aca6a6483191dae0716070ed99e2ecb0c53683f400a0b4f/pywin32-311-cp310-cp310-win32.whl", hash = "sha256:d03ff496d2a0cd4a5893504789d4a15399133fe82517455e78bad62efbb7f0a3", size = 8760432, upload-time = "2025-07-14T20:13:05.9Z" },
    { url = "https://files.pythonhosted.org/packages/5e/bf/360243b1e953bd254a82f12653974be395ba880e7ec23e3731d9f73921cc/pywin32-311-cp310-cp310-win_amd64.whl", hash = "sha256:797c2772017851984b97180b0bebe4b620bb86328e8a884bb626156295a63b3b", size = 9590103, upload-time = "2025-07-14T20:13:07.698Z" },
    { url = "https://files.pythonhosted.org/packages/57/38/d290720e6f138086fb3d5ffe0b6caa019a791dd57866940c82e4eeaf2012/pywin32-311-cp310-cp310-win_arm64.whl", hash = "sha256:0502d1facf1fed4839a9a51ccbcc63d952cf318f78ffc00a7e78528ac27d7a2b", size = 8778557, upload-time = "2025-07-14T20:13:11.11Z" },
    { url = "https://files.pythonhosted.org/packages/7c/af/449a6a91e5d6db51420875c54f6aff7c97a86a3b13a0b4f1a5c13b988de3/pywin32-311-cp311-cp311-win32.whl", hash = "sha256:184eb5e436dea364dcd3d2316d577d625c0351bf237c4e9a5fabbcfa5a58b151", size = 8697031, upload-time = "2025-07-14T20:13:13.266Z" },
    { url = "https://files.pythonhosted.org/packages/51/8f/9bb81dd5bb77d22243d33c8397f09377056d5c687aa6d4042bea7fbf8364/pywin32-311-cp311-cp311-win_amd64.whl", hash = "sha256:3ce80b34b22b17ccbd937a6e78e7225d80c52f5ab9940fe0506a1a16f3dab503", size = 9508308, upload-time = "2025-07-14T20:13:15.147Z" },
    { url = "https://files.pythonhosted.org/packages/44/7b/9c2ab54f74a138c491aba1b1cd0795ba61f144c711daea84a88b63dc0f6c/pywin32-311-cp311-cp311-win_arm64.whl", hash = "sha256:a733f1388e1a842abb67ffa8e7aad0e70ac519e09b0f6a784e65a136ec7cefd2", size = 8703930, upload-time = "2025-07-14T20:13:16.945Z" },
    { url = "https://files.pythonhosted.org/packages/e7/ab/01ea1943d4eba0f850c3c61e78e8dd59757ff815ff3ccd0a84de5f541f42/pywin32-311-cp312-cp312-win32.whl", hash = "sha256:750ec6e621af2b948540032557b10a2d43b0cee2ae9758c54154d711cc852d31", size = 8706543, upload-time = "2025-07-14T20:13:20.765Z" },
    { url = "https://files.pythonhosted.org/packages/d1/a8/a0e8d07d4d051ec7502cd58b291ec98dcc0c3fff027caad0470b72cfcc2f/pywin32-311-cp312-cp312-win_amd64.whl", hash = "sha256:b8c095edad5c211ff31c05223658e71bf7116daa0ecf3ad85f3201ea3190d067", size = 9495040, upload-time = "2025-07-14T20:13:22.543Z" },
    { url = "https://files.pythonhosted.org/packages/ba/3a/2ae996277b4b50f17d61f0603efd8253cb2d79cc7ae159468007b586396d/pywin32-311-cp312-cp312-win_arm64.whl", hash = "sha256:e286f46a9a39c4a18b319c28f59b61de793654af2f395c102b4f819e584b5852", size = 8710102, upload-time = "2025-07-14T20:13:24.682Z" },
    { url = "https://files.pythonhosted.org/packages/a5/be/3fd5de0979fcb3994bfee0d65ed8ca9506a8a1260651b86174f6a86f52b3/pywin32-311-cp313-cp313-win32.whl", hash = "sha256:f95ba5a847cba10dd8c4d8fefa9f2a6cf283b8b88ed6178fa8a6c1ab16054d0d", size = 8705700, upload-time = "2025-07-14T20:13:26.471Z" },
    { url = "https://files.pythonhosted.org/packages/e3/28/e0a1909523c6890208295a29e05c2adb2126364e289826c0a8bc7297bd5c/pywin32-311-cp313-cp313-win_amd64.whl", hash = "sha256:718a38f7e5b058e76aee1c56ddd06908116d35147e133427e59a3983f703a20d", size = 9494700, upload-time = "2025-07-14T20:13:28.243Z" },
    { url = "https://files.pythonhosted.org/packages/04/bf/90339ac0f55726dce7d794e6d79a18a91265bdf3aa70b6b9ca52f35e022a/pywin32-311-cp313-cp313-win_arm64.whl", hash = "sha256:7b4075d959648406202d92a2310cb990fea19b535c7f4a78d3f5e10b926eeb8a", size = 8709318, upload-time = "2025-07-14T20:13:30.348Z" },
    { url = "https://files.pythonhosted.org/packages/c9/31/097f2e132c4f16d99a22bfb777e0fd88bd8e1c634304e102f313af69ace5/pywin32-311-cp314-cp314-win32.whl", hash = "sha256:b7a2c10b93f8986666d0c803ee19b5990885872a7de910fc460f9b0c2fbf92ee", size = 8840714, upload-time = "2025-07-14T20:13:32.449Z" },
    { url = "https://files.pythonhosted.org/packages/90/4b/07c77d8ba0e01349358082713400435347df8426208171ce297da32c313d/pywin32-311-cp314-cp314-win_amd64.whl", hash = "sha256:3aca44c046bd2ed8c90de9cb8427f581c479e594e99b5c0bb19b29c10fd6cb87", size = 9656800, upload-time = "2025-07-14T20:13:34.312Z" },
    { url = "https://files.pythonhosted.org/packages/c0/d2/21af5c535501a7233e734b8af901574572da66fcc254cb35d0609c9080dd/pywin32-311-cp314-cp314-win_arm64.whl", hash = "sha256:a508e2d9025764a8270f93111a970e1d0fbfc33f4153b388bb649b7eec4f9b42", size = 8932540, upload-time = "2025-07-14T20:13:36.379Z" },
    { url = "https://files.pythonhosted.org/packages/75/20/6cd04d636a4c83458ecbb7c8220c13786a1a80d3f5fb568df39310e73e98/pywin32-311-cp38-cp38-win32.whl", hash = "sha256:6c6f2969607b5023b0d9ce2541f8d2cbb01c4f46bc87456017cf63b73f1e2d8c", size = 8766775, upload-time = "2025-07-14T20:12:55.029Z" },
    { url = "https://files.pythonhosted.org/packages/ff/6c/94c10268bae5d0d0c6509bdfb5aa08882d11a9ccdf89ff1cde59a6161afb/pywin32-311-cp38-cp38-win_amd64.whl", hash = "sha256:c8015b09fb9a5e188f83b7b04de91ddca4658cee2ae6f3bc483f0b21a77ef6cd", size = 9594743, upload-time = "2025-07-14T20:12:57.59Z" },
    { url = "https://files.pythonhosted.org/packages/59/42/b86689aac0cdaee7ae1c58d464b0ff04ca909c19bb6502d4973cdd9f9544/pywin32-311-cp39-cp39-win32.whl", hash = "sha256:aba8f82d551a942cb20d4a83413ccbac30790b50efb89a75e4f586ac0bb8056b", size = 8760837, upload-time = "2025-07-14T20:12:59.59Z" },
    { url = "https://files.pythonhosted.org/packages/9f/8a/1403d0353f8c5a2f0829d2b1c4becbf9da2f0a4d040886404fc4a5431e4d/pywin32-311-cp39-cp39-win_amd64.whl", hash = "sha256:e0c4cfb0621281fe40387df582097fd796e80430597cb9944f0ae70447bacd91", size = 9590187, upload-time = "2025-07-14T20:13:01.419Z" },
    { url = "https://files.pythonhosted.org/packages/60/22/e0e8d802f124772cec9c75430b01a212f86f9de7546bda715e54140d5aeb/pywin32-311-cp39-cp39-win_arm64.whl", hash = "sha256:62ea666235135fee79bb154e695f3ff67370afefd71bd7fea7512fc70ef31e3d", size = 8778162, upload-time = "2025-07-14T20:13:03.544Z" },
]
